PackratFormat: 1.4
PackratVersion: 0.4.8.1
RVersion: 3.4.1
Repos: CRAN=https://cran.rstudio.com/

Package: BH
Source: CRAN
Version: 1.65.0-1
Hash: 95f62be4d6916aae14a310a8b56a6475

Package: Cairo
Source: CRAN
Version: 1.5-9
Hash: 6acb4ad0cff51c9f8148e344db173f70

Package: DBI
Source: CRAN
Version: 0.7
Hash: 1ab72df487f06ad5f0de05446cdd4bd6

Package: DEoptimR
Source: CRAN
Version: 1.0-8
Hash: adc74e88e85eabe6c7d73db6a86fe6cf

Package: Epi
Source: CRAN
Version: 2.12
Hash: 4d4d9a6bddeaf2acf4bed50917a7a61e
Requires: cmprsk, data.table, etm, numDeriv, plyr

Package: Formula
Source: CRAN
Version: 1.2-2
Hash: 31c4658e6ae879eee45fcf7b6d109464

Package: GGally
Source: CRAN
Version: 1.3.2
Hash: 27e95068f899e4ab58472b1776254d9e
Requires: RColorBrewer, ggplot2, gtable, plyr, progress, reshape

Package: Hmisc
Source: CRAN
Version: 4.0-3
Hash: 7e93c14752acdc238561bbdf56ad9ac2
Requires: Formula, acepack, base64enc, data.table, ggplot2, gridExtra,
    gtable, htmlTable, htmltools, latticeExtra, viridis

Package: IRdisplay
Source: CRAN
Version: 0.4.4
Hash: d06e8578685f3fd74b06a4fa6d7fbf47
Requires: repr

Package: KFAS
Source: CRAN
Version: 1.2.9
Hash: 973b03d74da25e6f970a79203e5c28cd

Package: KMsurv
Source: CRAN
Version: 0.1-5
Hash: 7f4400e5d72c2fc9adc154f7635c59d0

Package: MSwM
Source: CRAN
Version: 1.2
Hash: 42444d68b6cdf70d75fd1ac2263891be

Package: MatrixModels
Source: CRAN
Version: 0.4-1
Hash: 60a5c75e57aae4a0ce76cb7422939aaf

Package: R6
Source: CRAN
Version: 2.2.2
Hash: b2366cd9d2f3851a5704b4e192b985c2

Package: RColorBrewer
Source: CRAN
Version: 1.1-2
Hash: c0d56cd15034f395874c870141870c25

Package: ROCR
Source: CRAN
Version: 1.0-7
Hash: 086f78987ebf3c55b01013ee64a5e1e2
Requires: gplots

Package: RSclient
Source: CRAN
Version: 0.7-3
Hash: 0c3a8cc9be76e1dee4a080c392cd520a

Package: RSelenium
Source: CRAN
Version: 1.7.1
Hash: df30e4b7228823c97f5c2fc6da269575
Requires: XML, binman, caTools, httr, openssl, wdman

Package: RSpectra
Source: CRAN
Version: 0.12-0
Hash: 50ff6973ca4b72c8ed6df7ae349bb3ae
Requires: Rcpp, RcppEigen

Package: Rcpp
Source: CRAN
Version: 0.12.12
Hash: 8b3d5ebb9a9a4ab5c86b3a81b0cfb774

Package: RcppArmadillo
Source: CRAN
Version: 0.7.960.1.2
Hash: e321d680ed4150e0ba6b95eb88db68b9
Requires: Rcpp

Package: RcppEigen
Source: CRAN
Version: 0.3.3.3.0
Hash: d2dba1ec87fb5d2c38791848e9a78ade
Requires: Rcpp

Package: Rserve
Source: CRAN
Version: 1.7-3
Hash: 35bb918af8083a48e24cc3a606cfb33c

Package: SparseM
Source: CRAN
Version: 1.77
Hash: 08f1f60e1038957030bcd9f4a58d22d8

Package: TH.data
Source: CRAN
Version: 1.0-8
Hash: 06a65803bc437e0e86280c425b850313

Package: TTR
Source: CRAN
Version: 0.23-2
Hash: e46bdb7c1058913a2a3e093855f36be7
Requires: curl, xts, zoo

Package: XML
Source: CRAN
Version: 3.98-1.9
Hash: 02079c4025bbfa0f63400cc0bb414952

Package: acepack
Source: CRAN
Version: 1.4.1
Hash: 5ed3b04bc1fa1a934188fc6022d3ba7c

Package: assertthat
Source: CRAN
Version: 0.2.0
Hash: e8805df54c65ac96d50235c44a82615c

Package: backports
Source: CRAN
Version: 1.1.0
Hash: 3f754426ca2b7dbbf63951fe5075373b

Package: base64enc
Source: CRAN
Version: 0.1-3
Hash: c590d29e555926af053055e23ee79efb

Package: bindr
Source: CRAN
Version: 0.1
Hash: e3a02070cf705d3ad1c5af1635a515a3

Package: bindrcpp
Source: CRAN
Version: 0.2
Hash: 8ab2dbf7ea120cf2d31183e0bf388485
Requires: Rcpp, bindr, plogr

Package: binman
Source: CRAN
Version: 0.1.0
Hash: 5da2c054e60e56a67eea59a2b697a6f6
Requires: assertthat, httr, jsonlite, rappdirs, semver, xml2, yaml

Package: bitops
Source: CRAN
Version: 1.0-6
Hash: 67d0775189fd0041d95abca618c5c07e

Package: broom
Source: CRAN
Version: 0.4.2
Hash: 7ebcffa46afb467e3f3c5687946f6e1a
Requires: dplyr, plyr, psych, reshape2, stringr, tidyr

Package: ca
Source: CRAN
Version: 0.70
Hash: f0fe8cbe69099dd43b740948155830de

Package: caTools
Source: CRAN
Version: 1.17.1
Hash: 97cb6f6293cd18d17df77a6383cc6763
Requires: bitops

Package: cellranger
Source: CRAN
Version: 1.1.0
Hash: 4e1ef4d099b0c5fd531a3938cf4624bd
Requires: rematch, tibble

Package: changepoint
Source: CRAN
Version: 2.2.2
Hash: 94ad1ee4f4c226b7c7d65d82957dda2d
Requires: zoo

Package: checkmate
Source: CRAN
Version: 1.8.3
Hash: f9639d7685b7bd2350dd6169849e2ae2
Requires: backports

Package: cmprsk
Source: CRAN
Version: 2.2-7
Hash: cb2565634a63b1c86a575b3ba67f3916

Package: colorspace
Source: CRAN
Version: 1.3-2
Hash: 0bf8618b585fa98eb23414cd3ab95118

Package: cowplot
Source: CRAN
Version: 0.8.0
Hash: 1cc300ace37bbec3c7d881fdbb7ff4f5
Requires: ggplot2, gtable, plyr

Package: crayon
Source: CRAN
Version: 1.3.4
Hash: ff2840dd9b0d563fc80377a5a45510cd

Package: crosstalk
Source: CRAN
Version: 1.0.0
Hash: c13adea5906fbe2becfcb5f843b26749
Requires: R6, ggplot2, htmltools, jsonlite, lazyeval, shiny

Package: curl
Source: CRAN
Version: 2.8.1
Hash: 5a3f385f21add1e944b93b3cd9ce8b48

Package: data.table
Source: CRAN
Version: 1.10.4
Hash: 2c7c47ccb40d01c7b214c8eff818108d

Package: deSolve
Source: CRAN
Version: 1.20
Hash: 908d6c22cc8cb42f1b0de8665a55b853

Package: dendextend
Source: CRAN
Version: 1.5.2
Hash: cca8f149b2f9775e0ff4a040f0f8ebcc
Requires: fpc, ggplot2, magrittr, viridis, whisker

Package: devtools
Source: CRAN
Version: 1.13.3
Hash: 2e91d10786ace8f6258480f576bb91f3
Requires: digest, git2r, httr, jsonlite, memoise, rstudioapi, whisker,
    withr

Package: dichromat
Source: CRAN
Version: 2.0-0
Hash: 08eed0c80510af29bb15f840ccfe37ce

Package: digest
Source: CRAN
Version: 0.6.12
Hash: e53fb8c58673df868183697e39a6a4d6

Package: diptest
Source: CRAN
Version: 0.75-7
Hash: de93e5330ff45c5795d0bae12c8a9695

Package: dlm
Source: CRAN
Version: 1.1-4
Hash: b1f56fb3bc334b882846f282cf765531

Package: dosresmeta
Source: CRAN
Version: 2.0.1
Hash: 5caeb701b0518802b4c247a275c65a90
Requires: mvmeta

Package: dplyr
Source: CRAN
Version: 0.7.3
Hash: 8083d22491cbb94e00727a9d7f590bf5
Requires: BH, R6, Rcpp, assertthat, bindrcpp, glue, magrittr,
    pkgconfig, plogr, rlang, tibble

Package: eha
Source: CRAN
Version: 2.4-5
Hash: b3bf0871f200ab4d0b8c4dae3cc4db3e

Package: epitools
Source: CRAN
Version: 0.5-9
Hash: 707b816b7d1d02c07497c2f1d9ff0d2c

Package: etm
Source: CRAN
Version: 0.6-2
Hash: fbcff927b2d10f99323bdc558efb4019

Package: evaluate
Source: CRAN
Version: 0.10.1
Hash: 54d95f4ec6d0300100413ed0127d89ae
Requires: stringr

Package: exactRankTests
Source: CRAN
Version: 0.8-29
Hash: 61121a0dd853dab44f66f4c4bba68a7c

Package: expm
Source: CRAN
Version: 0.999-2
Hash: e8f4ac7e9f15ec8b84b4f7ee5ab3104f

Package: fBasics
Source: CRAN
Version: 3011.87
Hash: 23588ee642fb467535fe46777ce75f96
Requires: gss, stabledist, timeDate, timeSeries

Package: fGarch
Source: CRAN
Version: 3010.82.1
Hash: 76bb33e183eecae94a6eecce063159a2
Requires: fBasics, timeDate, timeSeries

Package: flexmix
Source: CRAN
Version: 2.3-14
Hash: 7664d705ce1d61d0c1b58df0ed4aa490
Requires: modeltools

Package: flexsurv
Source: CRAN
Version: 1.1
Hash: f98762124bc9773c04737d392ad4e1eb
Requires: Rcpp, deSolve, mstate, muhaz, mvtnorm, quadprog

Package: forcats
Source: CRAN
Version: 0.2.0
Hash: e5a3b0b96a39f5581467b0c6366f7408
Requires: magrittr, tibble

Package: foreach
Source: CRAN
Version: 1.4.3
Hash: cd53ef4cf29dc59ce3f8c5c1af735fd1
Requires: iterators

Package: forecast
Source: CRAN
Version: 8.1
Hash: 73e7b33460146ba213888ed58f4462fe
Requires: Rcpp, RcppArmadillo, colorspace, fracdiff, ggplot2, lmtest,
    magrittr, timeDate, tseries, zoo

Package: fpc
Source: CRAN
Version: 2.1-10
Hash: e537c1c8a52f67db5296c272e9090cbc
Requires: diptest, flexmix, kernlab, mclust, mvtnorm, prabclus,
    robustbase, trimcluster

Package: fracdiff
Source: CRAN
Version: 1.4-2
Hash: 75e1920799a698acf5912369675100af

Package: gdata
Source: CRAN
Version: 2.18.0
Hash: 62797fafa287d1845a014c615d46e50c
Requires: gtools

Package: ggfortify
Source: CRAN
Version: 0.4.1
Hash: 19acda81894c88685c5bedab3548dc02
Requires: dplyr, ggplot2, gridExtra, scales, tibble, tidyr

Package: ggplot2
Source: CRAN
Version: 2.2.1
Hash: 46e5cb78836848aa44655e577433f54b
Requires: digest, gtable, lazyeval, plyr, reshape2, scales, tibble

Package: ggpubr
Source: CRAN
Version: 0.1.5
Hash: 6dfaac01722ed9c3302a25f73517d6c5
Requires: cowplot, dplyr, ggplot2, ggrepel, ggsci, ggsignif, gridExtra,
    magrittr, purrr, scales, tidyr

Package: ggrepel
Source: CRAN
Version: 0.6.5
Hash: 58182fecb1205cbecde3d4cc2159ee5f
Requires: Rcpp, ggplot2, scales

Package: ggsci
Source: CRAN
Version: 2.7
Hash: 407b9acc30332421e319160aa135985a
Requires: ggplot2, scales

Package: ggsignif
Source: CRAN
Version: 0.4.0
Hash: cc1fbfa133e09c7f6bcbe85ba5fd5f81
Requires: ggplot2

Package: ggthemes
Source: CRAN
Version: 3.4.0
Hash: e9f85417507c5352fc05de654bb6f1ab
Requires: assertthat, colorspace, ggplot2, scales

Package: git2r
Source: CRAN
Version: 0.19.0
Hash: f4f7966fc357f60dc62dbffcea917eef

Package: glmnet
Source: CRAN
Version: 2.0-12
Hash: b4e36722c47480065a43ce24c78e1a86
Requires: foreach

Package: glue
Source: CRAN
Version: 1.1.1
Hash: dfd5a27768175ae51d08dc6beba1ef11

Package: gnm
Source: CRAN
Version: 1.0-8
Hash: debe152b0762b3ed58fea031be6230c6
Requires: qvcalc, relimp

Package: gplots
Source: CRAN
Version: 3.0.1
Hash: b7abe122479c203aa236499b7fc4b816
Requires: caTools, gdata, gtools

Package: gridExtra
Source: CRAN
Version: 2.3
Hash: fa977bc1aab5588a08123b10ceb1ad3d
Requires: gtable

Package: gss
Source: CRAN
Version: 2.1-7
Hash: 8d134c22dc3bb1c4e8d2b56d656fa948

Package: gtable
Source: CRAN
Version: 0.2.0
Hash: cd78381a9d3fea966ac39bd0daaf5554

Package: gtools
Source: CRAN
Version: 3.5.0
Hash: 471b2e2452dfb30fdc1dd6f1b567925a

Package: haven
Source: CRAN
Version: 1.1.0
Hash: d91bd77c2b46f513b36976866239bb62
Requires: Rcpp, forcats, hms, readr, tibble

Package: hexbin
Source: CRAN
Version: 1.27.1
Hash: 378383b2c37556649fd6b2ee0be7e2a5

Package: highr
Source: CRAN
Version: 0.6
Hash: aa3d5b7912b5fed4b546ed5cd2a1760b

Package: hms
Source: CRAN
Version: 0.3
Hash: 3fca8a1c97e6cfb297fe3f4690f82c58

Package: htmlTable
Source: CRAN
Version: 1.9
Hash: b2a584fec4ff8c6206b01a55bed18e55
Requires: checkmate, htmlwidgets, knitr, magrittr, stringr

Package: htmltools
Source: CRAN
Version: 0.3.6
Hash: 5b070a04ef8df1953544873db1c5896e
Requires: Rcpp, digest

Package: htmlwidgets
Source: CRAN
Version: 0.9
Hash: 7514f6ea9f3bef6d9b6c945095275302
Requires: htmltools, jsonlite, yaml

Package: httpuv
Source: CRAN
Version: 1.3.5
Hash: 2cc5284565b71276d1faf3d5c043fe4e
Requires: Rcpp

Package: httr
Source: CRAN
Version: 1.3.1
Hash: 2d32e01e53d532c812052e27a1021441
Requires: R6, curl, jsonlite, mime, openssl

Package: igraph
Source: CRAN
Version: 1.1.2
Hash: 07d33f151f94269a4573d354104e81aa
Requires: irlba, magrittr, pkgconfig

Package: irlba
Source: CRAN
Version: 2.2.1
Hash: 35437a4fd43dbefef9d8b1fd457b3a5f

Package: iterators
Source: CRAN
Version: 1.0.8
Hash: 488b93c2a4166db0d15f1e8d882cb1d4

Package: jsonlite
Source: CRAN
Version: 1.5
Hash: 9c51936d8dd00b2f1d4fe9d10499694c

Package: kernlab
Source: CRAN
Version: 0.9-25
Hash: bf60122a2e1f073661edb69651a682c2

Package: kfigr
Source: CRAN
Version: 1.2
Hash: 23d21f9c53b1de7697128d57dd18da3a
Requires: knitr

Package: km.ci
Source: CRAN
Version: 0.5-2
Hash: 5a2a402e8fd379fb7d087c8c638b0688

Package: knitr
Source: CRAN
Version: 1.17
Hash: f6b2bf543ee3e25f5b92bb46f9958c5f
Requires: digest, evaluate, highr, markdown, stringr, yaml

Package: labeling
Source: CRAN
Version: 0.3
Hash: ecf589b42cd284b03a4beb9665482d3e

Package: latticeExtra
Source: CRAN
Version: 0.6-28
Hash: efdf3a10a129129f7b8f4ae5a0d7ec3d
Requires: RColorBrewer

Package: lazyeval
Source: CRAN
Version: 0.2.0
Hash: 3d6e7608e65bbf5cb170dab1e3c9ed8b

Package: lfda
Source: CRAN
Version: 1.1.2
Hash: 9c5b515a5855ad51d0b8a87a8167bf23
Requires: plyr, rARPACK

Package: lintr
Source: CRAN
Version: 1.0.1
Hash: 7ddcb1ddc28a2f42cc350ab2d19d7520
Requires: crayon, digest, httr, igraph, jsonlite, knitr, rex,
    rstudioapi, stringdist, testthat

Package: listviewer
Source: CRAN
Version: 1.4.0
Hash: 1ba384647832321e8b40ef071ebe2b30
Requires: htmltools, htmlwidgets, shiny

Package: lmtest
Source: CRAN
Version: 0.9-35
Hash: 370fc77c3949074497a1dac38180b4a9
Requires: zoo

Package: lubridate
Source: CRAN
Version: 1.6.0
Hash: b90f4cbefe0b3c545dd68b22c66a8a12
Requires: stringr

Package: magrittr
Source: CRAN
Version: 1.5
Hash: bdc4d48c3135e8f3b399536ddf160df4

Package: mapdata
Source: CRAN
Version: 2.2-6
Hash: c6a88669254a5400453a6d2bc1bdc73f
Requires: maps

Package: maps
Source: CRAN
Version: 3.2.0
Hash: 086a0f4e41bf42749d8737e9407a4853

Package: markdown
Source: CRAN
Version: 0.8
Hash: 045d7c594d503b41f1c28946d076c8aa
Requires: mime

Package: maxstat
Source: CRAN
Version: 0.7-25
Hash: 57f05acb48848b99afcadf8b18f9ce31
Requires: exactRankTests, mvtnorm

Package: mclust
Source: CRAN
Version: 5.3
Hash: 4245dd36974efb35e2df64264e0627b7

Package: memoise
Source: CRAN
Version: 1.1.0
Hash: 410fcd334bc626db100237cc1370f2e9
Requires: digest

Package: mime
Source: CRAN
Version: 0.5
Hash: 463550cf44fb6f0a2359368f42eebe62

Package: mnormt
Source: CRAN
Version: 1.5-5
Hash: d0d5efbb1fb26d2dc5f9394c223084b5

Package: modelr
Source: CRAN
Version: 0.1.1
Hash: dc3b2de1720a22560510dccbdffe2c17
Requires: broom, dplyr, lazyeval, magrittr, purrr, tibble, tidyr

Package: modeltools
Source: CRAN
Version: 0.2-21
Hash: 3dc03397b2a4375c8a5e5f09c8cf0ae1

Package: msm
Source: CRAN
Version: 1.6.4
Hash: 41df2c2c2204a8f5840deb4ce693dec9
Requires: expm, mvtnorm

Package: mstate
Source: CRAN
Version: 0.2.10
Hash: 68622139295fe42037d5943fd1a9e61d
Requires: RColorBrewer

Package: muhaz
Source: CRAN
Version: 1.2.6
Hash: 2513969d151cf60a72b254d0819ebd01

Package: multcomp
Source: CRAN
Version: 1.4-7
Hash: 765aeaf82b7d470d562b9d3dcd49b1bf
Requires: TH.data, mvtnorm, sandwich

Package: munsell
Source: CRAN
Version: 0.4.3
Hash: f96d896947fcaf9b6d0074002e9f4f9d
Requires: colorspace

Package: mvmeta
Source: CRAN
Version: 0.4.7
Hash: 781752c30e79fa43d41cd227d501139a

Package: mvtnorm
Source: CRAN
Version: 1.0-6
Hash: 1f55cdac387721d4eda1126ac9aba73b

Package: numDeriv
Source: CRAN
Version: 2016.8-1
Hash: 3a9d0fc99ba2f6aaa500b3d584962be2

Package: openssl
Source: CRAN
Version: 0.9.7
Hash: 225d43f64f60e8996d10efe15b381c66

Package: packrat
Source: CRAN
Version: 0.4.8-1
Hash: 6ad605ba7b4b476d84be6632393f5765

Package: pkgconfig
Source: CRAN
Version: 2.0.1
Hash: 0dda4a2654a22b36a715c2b0b6fbacac

Package: plogr
Source: CRAN
Version: 0.1-1
Hash: fb19215402e2d9f1c7f803dcaa806fc2

Package: plotly
Source: CRAN
Version: 4.7.1
Hash: 18d2de809bf346363cd4ee7a587d58bf
Requires: RColorBrewer, base64enc, crosstalk, data.table, digest,
    dplyr, ggplot2, hexbin, htmltools, htmlwidgets, httr, jsonlite,
    lazyeval, magrittr, purrr, scales, tibble, tidyr, viridisLite

Package: plyr
Source: CRAN
Version: 1.8.4
Hash: 8fbaff6962e3421b5c9652eebae36159
Requires: Rcpp

Package: png
Source: CRAN
Version: 0.1-7
Hash: 421d7d6e0fb4bd885ecbd909b6456b8b

Package: polspline
Source: CRAN
Version: 1.1.12
Hash: c9ad03d865465be2354a2189f3d66901

Package: prabclus
Source: CRAN
Version: 2.2-6
Hash: e646245afbb6b8ed25e22e8a76b781cd
Requires: mclust

Package: praise
Source: CRAN
Version: 1.0.0
Hash: 77da8f1df873a4b91e5c4a68fe2fb1b6

Package: prettyunits
Source: CRAN
Version: 1.0.2
Hash: 49286102a855640daaa38eafe8b1ec30
Requires: assertthat, magrittr

Package: progress
Source: CRAN
Version: 1.1.2
Hash: ceef88c244d792a874bdacf72b6a30da
Requires: R6, prettyunits

Package: psych
Source: CRAN
Version: 1.7.3.21
Hash: 8111794761e5c334c250e868a9252ff9
Requires: mnormt

Package: purrr
Source: CRAN
Version: 0.2.3
Hash: d741f262ed1b74543e33c5426a497996
Requires: magrittr, rlang, tibble

Package: quadprog
Source: CRAN
Version: 1.5-5
Hash: 69000b7dc41b09977dcf781f909d235c

Package: quantmod
Source: CRAN
Version: 0.4-10
Hash: 3923617e2cdffdaac302dd4c1c42e794
Requires: TTR, curl, xts, zoo

Package: quantreg
Source: CRAN
Version: 5.33
Hash: 30421e83e9d36563250019b6b2adafce
Requires: MatrixModels, SparseM

Package: qvcalc
Source: CRAN
Version: 0.9-1
Hash: 5ba8622fe70807602fd50d97c88c2047

Package: rARPACK
Source: CRAN
Version: 0.11-0
Hash: f242bda2c0b97622ce2f91bfa3a3321c
Requires: RSpectra

Package: rappdirs
Source: CRAN
Version: 0.3.1
Hash: 7340cfebc77ad7b107a549a8635e64dd

Package: raster
Source: CRAN
Version: 2.5-8
Hash: 082eefcf49830e46ff808b2749fc39bd
Requires: Rcpp, sp

Package: readr
Source: CRAN
Version: 1.1.1
Hash: 608d01ba857a1acf3c9ddf6ab3d10869
Requires: BH, R6, Rcpp, hms, tibble

Package: readxl
Source: CRAN
Version: 1.0.0
Hash: 83bc4a5b41d247b40ce7161ade89baf3
Requires: Rcpp, cellranger, tibble

Package: relimp
Source: CRAN
Version: 1.0-5
Hash: 59ef5014267dc1bb14d628efd6c22fa0

Package: rematch
Source: CRAN
Version: 1.0.1
Hash: ad4faf59e7611117ff165817074c50c7

Package: repr
Source: CRAN
Version: 0.12.0
Hash: 8ab86483bb9b610120a0951a446d2436

Package: reshape
Source: CRAN
Version: 0.8.7
Hash: f026a2928c05063a8d0b2e29a129f9a0
Requires: plyr

Package: reshape2
Source: CRAN
Version: 1.4.2
Hash: df8d1de05444abd99e423c1e3b84c9b0
Requires: Rcpp, plyr, stringr

Package: rex
Source: CRAN
Version: 1.1.1
Hash: 69e208c6283398d235e507a658ba8079
Requires: lazyeval, magrittr

Package: rlang
Source: CRAN
Version: 0.1.2
Hash: c17b638e3282aa222a47112d7a60bc66

Package: rmarkdown
Source: CRAN
Version: 1.6
Hash: 40f4034a7b8e28edc2b384bdb0c4d537
Requires: base64enc, caTools, evaluate, htmltools, jsonlite, knitr,
    rprojroot, stringr, yaml

Package: rms
Source: CRAN
Version: 5.1-1
Hash: b4b0c51063f7594ae6b3f9118a937e94
Requires: Hmisc, SparseM, ggplot2, htmlTable, htmltools, multcomp,
    polspline, quantreg

Package: robustbase
Source: CRAN
Version: 0.92-7
Hash: 8d57db5d29d2a4dddaac976d7054428d
Requires: DEoptimR

Package: rprojroot
Source: CRAN
Version: 1.2
Hash: fdcac51a7f47decd60556ceefc3c26b1
Requires: backports

Package: rstudioapi
Source: CRAN
Version: 0.7
Hash: e2ebaff8160aff3e6b32e6e78a693c2d

Package: rvest
Source: CRAN
Version: 0.3.2
Hash: c69f7526520bad66fd2111ebe8b1364b
Requires: httr, magrittr, selectr, xml2

Package: sandwich
Source: CRAN
Version: 2.4-0
Hash: 754ae8e02f70c5561f75f7a95ea452cc
Requires: zoo

Package: scales
Source: CRAN
Version: 0.5.0
Hash: c108129462eb98e2699b07201fd12acf
Requires: R6, RColorBrewer, Rcpp, dichromat, labeling, munsell, plyr,
    viridisLite

Package: selectr
Source: CRAN
Version: 0.3-1
Hash: 367275e3dcdd208339e131c7a41bec56
Requires: stringr

Package: semver
Source: CRAN
Version: 0.2.0
Hash: 2eb2029e35bde1a770ad44c5bbbe81db
Requires: Rcpp, assertthat

Package: sf
Source: CRAN
Version: 0.5-4
Hash: e3db69ada2a5fb84aa7ea78d248aabe9
Requires: DBI, Rcpp, magrittr, units

Package: shiny
Source: CRAN
Version: 1.0.5
Hash: 4d47532a807122bfd6bc3818310f9d2e
Requires: R6, digest, htmltools, httpuv, jsonlite, mime, sourcetools,
    xtable

Package: sourcetools
Source: CRAN
Version: 0.1.6
Hash: 226d56d7469587da40b0f96180e711b4

Package: sp
Source: CRAN
Version: 1.2-5
Hash: 355c8b47792e18a08da8708132f994e0

Package: stabledist
Source: CRAN
Version: 0.7-1
Hash: 22535f64b26104efc7e78e42bdf4982c

Package: stringdist
Source: CRAN
Version: 0.9.4.6
Hash: 0298ec970febd790a28fc7c898854f5e

Package: stringi
Source: CRAN
Version: 1.1.5
Hash: b6308e49357a0b475f433599e0d8b5eb

Package: stringr
Source: CRAN
Version: 1.2.0
Hash: 25a86d7f410513ebb7c0bc6a5e16bdc3
Requires: magrittr, stringi

Package: strucchange
Source: CRAN
Version: 1.5-1
Hash: 79c55eaae619a419b9db1a7e4640cc1b
Requires: sandwich, zoo

Package: subprocess
Source: CRAN
Version: 0.8.0
Hash: 7b373207cd5fd6ebc471627a0820ab42

Package: survMisc
Source: CRAN
Version: 0.5.4
Hash: 7c214361c22b40523f5e7db711abefa8
Requires: KMsurv, data.table, ggplot2, gridExtra, km.ci, knitr, xtable,
    zoo

Package: survminer
Source: CRAN
Version: 0.4.0
Hash: 44123129bfd914a7dd1b90a96fb3c6a8
Requires: broom, cmprsk, dplyr, ggplot2, ggpubr, gridExtra, magrittr,
    maxstat, purrr, scales, survMisc, tibble, tidyr

Package: testthat
Source: CRAN
Version: 1.0.2
Hash: 88d5291104227f9dc2e7c7c1d0eb6c74
Requires: R6, crayon, digest, magrittr, praise

Package: tibble
Source: CRAN
Version: 1.3.4
Hash: 3111e0d62502af60fe0fa8b4213fedad
Requires: Rcpp, rlang

Package: tidyr
Source: CRAN
Version: 0.7.1
Hash: 7168c380464c53d2ab81074697631f64
Requires: Rcpp, dplyr, glue, magrittr, purrr, rlang, stringi, tibble,
    tidyselect

Package: tidyselect
Source: CRAN
Version: 0.2.0
Hash: f6ef011a82d0718e198d30639ea42044
Requires: Rcpp, glue, purrr, rlang

Package: tidyverse
Source: CRAN
Version: 1.1.1
Hash: 72d5fada870c90b835bbdfc281283c99
Requires: broom, dplyr, forcats, ggplot2, haven, hms, httr, jsonlite,
    lubridate, magrittr, modelr, purrr, readr, readxl, rvest, stringr,
    tibble, tidyr, xml2

Package: timeDate
Source: CRAN
Version: 3012.100
Hash: 78876c125c98033cd093fa0283469637

Package: timeSeries
Source: CRAN
Version: 3022.101.2
Hash: 7f535d772209c1f07ba0334352937556
Requires: timeDate

Package: trimcluster
Source: CRAN
Version: 0.1-2
Hash: 662a899a1377c7d3f2cef1722e335aff

Package: tseries
Source: CRAN
Version: 0.10-42
Hash: c4b56db526d249fd9b8a9e496f0fa04c
Requires: quadprog, quantmod, zoo

Package: udunits2
Source: CRAN
Version: 0.13
Hash: 587587ec23c49271e0657fed726e7846

Package: units
Source: CRAN
Version: 0.4-6
Hash: 26637fde346198982175f763514832ff
Requires: udunits2

Package: urca
Source: CRAN
Version: 1.3-0
Hash: b25c95802d289d1659942d2b5c75afa1

Package: vars
Source: CRAN
Version: 1.5-2
Hash: 88b44bc45b8cc24ddb6bb5790099cbd8
Requires: lmtest, sandwich, strucchange, urca

Package: vcd
Source: CRAN
Version: 1.4-3
Hash: 77757721dbf90bbbaab7a2e2be604bc2
Requires: colorspace, lmtest

Package: vcdExtra
Source: CRAN
Version: 0.7-0
Hash: e289f6380fe833427c2333db2f609c48
Requires: ca, gnm, vcd

Package: viridis
Source: CRAN
Version: 0.4.0
Hash: 5bdac1bcf74a10a7a96f82191f498ab7
Requires: ggplot2, gridExtra, viridisLite

Package: viridisLite
Source: CRAN
Version: 0.2.0
Hash: 10f0c25af3dc84eaae10f5854f47efdb

Package: wdman
Source: CRAN
Version: 0.2.2
Hash: d6e969002ac36f5c6b7072c121b87caa
Requires: assertthat, binman, semver, subprocess, yaml

Package: webshot
Source: CRAN
Version: 0.4.1
Hash: 7c370d2d4c7ed8f373189526d2ea155b
Requires: jsonlite, magrittr

Package: whisker
Source: CRAN
Version: 0.3-2
Hash: 803d662762e532705c2c066a82d066e7

Package: withr
Source: CRAN
Version: 2.0.0
Hash: cc7e555b8e249aa5cf391592fcae71a2

Package: xml2
Source: CRAN
Version: 1.1.1
Hash: 534feed3c69280ec9529f1e54fd6c428
Requires: BH, Rcpp

Package: xtable
Source: CRAN
Version: 1.8-2
Hash: 7293235cfcc14cdff1ce7fd1a0212031

Package: xts
Source: CRAN
Version: 0.10-0
Hash: 03131e6ac5458d08143205a198284f18
Requires: zoo

Package: yaml
Source: CRAN
Version: 2.1.14
Hash: c81230c3a7d9ba20607ad6b4331173d1

Package: zoo
Source: CRAN
Version: 1.8-0
Hash: df9711767f56f086e8a8d1f0fb926ff6
